
Microsoft Visual Studio Solution File, Format Version 12.00
# Visual Studio Version 17
VisualStudioVersion = 17.0.31903.59
MinimumVisualStudioVersion = 10.0.40219.1
Project("{2150E333-8FDC-42A3-9474-1A3956D46DE8}") = "En Clase", "En Clase", "{EE5758FD-F7DA-466D-949B-9FE970C128F1}"
EndProject
Project("{FAE04EC0-301F-11D3-BF4B-00C04F79EFBC}") = "Herencia", "En Clase\Herencia\Herencia.csproj", "{2E63FDE8-453C-4C7A-835D-974691B28640}"
EndProject
Project("{2150E333-8FDC-42A3-9474-1A3956D46DE8}") = "Ejemplos De Herencia", "Ejemplos De Herencia", "{750C2363-4747-42CF-921B-D1FE12993142}"
EndProject
Project("{FAE04EC0-301F-11D3-BF4B-00C04F79EFBC}") = "Representar Diferentes Animales", "Ejemplos De Herencia\Representar Diferentes Animales\Representar Diferentes Animales.csproj", "{8AAA369D-8D7A-4DB3-9A46-AE333CD64F1B}"
EndProject
Project("{FAE04EC0-301F-11D3-BF4B-00C04F79EFBC}") = "Formas", "Ejemplos De Herencia\Formas\Formas.csproj", "{3F9ACDC9-2B25-4D97-B8E6-248A997D1013}"
EndProject
Project("{FAE04EC0-301F-11D3-BF4B-00C04F79EFBC}") = "Entidades De Video Juegos", "Ejemplos De Herencia\Entidades De Video Juegos\Entidades De Video Juegos.csproj", "{EDF91EA0-90FB-4079-8A5E-BEDB3DAF9396}"
EndProject
Project("{FAE04EC0-301F-11D3-BF4B-00C04F79EFBC}") = "Empleados", "Ejemplos De Herencia\Empleados\Empleados.csproj", "{92873DB8-620A-42B9-A176-28620E88262D}"
EndProject
Project("{FAE04EC0-301F-11D3-BF4B-00C04F79EFBC}") = "Dispositivos Electronicos", "Ejemplos De Herencia\Dispositivos Electronicos\Dispositivos Electronicos.csproj", "{88850486-1B13-4D40-8C63-78F1D53E270F}"
EndProject
Project("{FAE04EC0-301F-11D3-BF4B-00C04F79EFBC}") = "Animales", "En Clase\Animales\Animales.csproj", "{2192D479-ECC8-4DC4-8036-A73C44EB7A6B}"
EndProject
Global
	GlobalSection(SolutionConfigurationPlatforms) = preSolution
		Debug|Any CPU = Debug|Any CPU
		Release|Any CPU = Release|Any CPU
	EndGlobalSection
	GlobalSection(SolutionProperties) = preSolution
		HideSolutionNode = FALSE
	EndGlobalSection
	GlobalSection(ProjectConfigurationPlatforms) = postSolution
		{2E63FDE8-453C-4C7A-835D-974691B28640}.Debug|Any CPU.ActiveCfg = Debug|Any CPU
		{2E63FDE8-453C-4C7A-835D-974691B28640}.Debug|Any CPU.Build.0 = Debug|Any CPU
		{2E63FDE8-453C-4C7A-835D-974691B28640}.Release|Any CPU.ActiveCfg = Release|Any CPU
		{2E63FDE8-453C-4C7A-835D-974691B28640}.Release|Any CPU.Build.0 = Release|Any CPU
		{8AAA369D-8D7A-4DB3-9A46-AE333CD64F1B}.Debug|Any CPU.ActiveCfg = Debug|Any CPU
		{8AAA369D-8D7A-4DB3-9A46-AE333CD64F1B}.Debug|Any CPU.Build.0 = Debug|Any CPU
		{8AAA369D-8D7A-4DB3-9A46-AE333CD64F1B}.Release|Any CPU.ActiveCfg = Release|Any CPU
		{8AAA369D-8D7A-4DB3-9A46-AE333CD64F1B}.Release|Any CPU.Build.0 = Release|Any CPU
		{3F9ACDC9-2B25-4D97-B8E6-248A997D1013}.Debug|Any CPU.ActiveCfg = Debug|Any CPU
		{3F9ACDC9-2B25-4D97-B8E6-248A997D1013}.Debug|Any CPU.Build.0 = Debug|Any CPU
		{3F9ACDC9-2B25-4D97-B8E6-248A997D1013}.Release|Any CPU.ActiveCfg = Release|Any CPU
		{3F9ACDC9-2B25-4D97-B8E6-248A997D1013}.Release|Any CPU.Build.0 = Release|Any CPU
		{EDF91EA0-90FB-4079-8A5E-BEDB3DAF9396}.Debug|Any CPU.ActiveCfg = Debug|Any CPU
		{EDF91EA0-90FB-4079-8A5E-BEDB3DAF9396}.Debug|Any CPU.Build.0 = Debug|Any CPU
		{EDF91EA0-90FB-4079-8A5E-BEDB3DAF9396}.Release|Any CPU.ActiveCfg = Release|Any CPU
		{EDF91EA0-90FB-4079-8A5E-BEDB3DAF9396}.Release|Any CPU.Build.0 = Release|Any CPU
		{92873DB8-620A-42B9-A176-28620E88262D}.Debug|Any CPU.ActiveCfg = Debug|Any CPU
		{92873DB8-620A-42B9-A176-28620E88262D}.Debug|Any CPU.Build.0 = Debug|Any CPU
		{92873DB8-620A-42B9-A176-28620E88262D}.Release|Any CPU.ActiveCfg = Release|Any CPU
		{92873DB8-620A-42B9-A176-28620E88262D}.Release|Any CPU.Build.0 = Release|Any CPU
		{88850486-1B13-4D40-8C63-78F1D53E270F}.Debug|Any CPU.ActiveCfg = Debug|Any CPU
		{88850486-1B13-4D40-8C63-78F1D53E270F}.Debug|Any CPU.Build.0 = Debug|Any CPU
		{88850486-1B13-4D40-8C63-78F1D53E270F}.Release|Any CPU.ActiveCfg = Release|Any CPU
		{88850486-1B13-4D40-8C63-78F1D53E270F}.Release|Any CPU.Build.0 = Release|Any CPU
		{2192D479-ECC8-4DC4-8036-A73C44EB7A6B}.Debug|Any CPU.ActiveCfg = Debug|Any CPU
		{2192D479-ECC8-4DC4-8036-A73C44EB7A6B}.Debug|Any CPU.Build.0 = Debug|Any CPU
		{2192D479-ECC8-4DC4-8036-A73C44EB7A6B}.Release|Any CPU.ActiveCfg = Release|Any CPU
		{2192D479-ECC8-4DC4-8036-A73C44EB7A6B}.Release|Any CPU.Build.0 = Release|Any CPU
	EndGlobalSection
	GlobalSection(NestedProjects) = preSolution
		{2E63FDE8-453C-4C7A-835D-974691B28640} = {EE5758FD-F7DA-466D-949B-9FE970C128F1}
		{8AAA369D-8D7A-4DB3-9A46-AE333CD64F1B} = {750C2363-4747-42CF-921B-D1FE12993142}
		{3F9ACDC9-2B25-4D97-B8E6-248A997D1013} = {750C2363-4747-42CF-921B-D1FE12993142}
		{EDF91EA0-90FB-4079-8A5E-BEDB3DAF9396} = {750C2363-4747-42CF-921B-D1FE12993142}
		{92873DB8-620A-42B9-A176-28620E88262D} = {750C2363-4747-42CF-921B-D1FE12993142}
		{88850486-1B13-4D40-8C63-78F1D53E270F} = {750C2363-4747-42CF-921B-D1FE12993142}
		{2192D479-ECC8-4DC4-8036-A73C44EB7A6B} = {EE5758FD-F7DA-466D-949B-9FE970C128F1}
	EndGlobalSection
EndGlobal
