
Microsoft Visual Studio Solution File, Format Version 12.00
# Visual Studio Version 16
VisualStudioVersion = 16.0.30114.105
MinimumVisualStudioVersion = 10.0.40219.1
Project("{2150E333-8FDC-42A3-9474-1A3956D46DE8}") = "Ejercicios1", "Ejercicios1", "{4E70878A-6F1D-4118-9651-15CB65C72E23}"
EndProject
Project("{FAE04EC0-301F-11D3-BF4B-00C04F79EFBC}") = "Problema 1", "Ejercicios1\Problema 1\Problema 1.csproj", "{092B2A0B-0053-470E-A19B-A117ED88C039}"
EndProject
Project("{2150E333-8FDC-42A3-9474-1A3956D46DE8}") = "Problema 2", "Problema 2", "{A9CDF580-64B4-4CDA-98F7-12ADF9C45B54}"
EndProject
Project("{FAE04EC0-301F-11D3-BF4B-00C04F79EFBC}") = "Problema 2", "Ejercicios1\Problema 2\Problema 2\Problema 2.csproj", "{BC65780C-E085-4358-B486-76AAD54DD6BE}"
EndProject
Project("{FAE04EC0-301F-11D3-BF4B-00C04F79EFBC}") = "Problema  2", "Ejercicios1\Problema  2\Problema  2.csproj", "{65EF9EF7-D330-4734-BE94-45FED8941322}"
EndProject
Project("{FAE04EC0-301F-11D3-BF4B-00C04F79EFBC}") = "Problema 3", "Ejercicios1\Problema 3\Problema 3.csproj", "{A0190AC7-AC16-4D70-8163-6391C909541D}"
EndProject
Project("{FAE04EC0-301F-11D3-BF4B-00C04F79EFBC}") = "Problema 4", "Ejercicios1\Problema 4\Problema 4.csproj", "{AD3A0B9F-5AA5-48C4-A4D1-5FFCCA4B7E36}"
EndProject
Project("{FAE04EC0-301F-11D3-BF4B-00C04F79EFBC}") = "Problema 5", "Ejercicios1\Problema 5\Problema 5.csproj", "{348634AC-AFBD-475D-AB81-EEB23FD8DA21}"
EndProject
Project("{FAE04EC0-301F-11D3-BF4B-00C04F79EFBC}") = "Problema 6", "Ejercicios1\Problema 6\Problema 6.csproj", "{F6E197DE-5132-473F-9292-D2043C79FCC0}"
EndProject
Project("{FAE04EC0-301F-11D3-BF4B-00C04F79EFBC}") = "Problema 7", "Ejercicios1\Problema 7\Problema 7.csproj", "{49C1670C-E4D4-42C0-8A8C-F8933F650C03}"
EndProject
Project("{FAE04EC0-301F-11D3-BF4B-00C04F79EFBC}") = "Problema 8", "Ejercicios1\Problema 8\Problema 8.csproj", "{98A9F85C-E6B8-4CFA-9EA0-C28D0F871E7E}"
EndProject
Project("{FAE04EC0-301F-11D3-BF4B-00C04F79EFBC}") = "Problema 9", "Ejercicios1\Problema 9\Problema 9.csproj", "{20B41BD0-8122-463A-B087-CCF10463DB79}"
EndProject
Project("{FAE04EC0-301F-11D3-BF4B-00C04F79EFBC}") = "Problema 10", "Ejercicios1\Problema 10\Problema 10.csproj", "{2B33471F-0A13-42C6-B92C-2CA2B6B413D7}"
EndProject
Project("{2150E333-8FDC-42A3-9474-1A3956D46DE8}") = "En Clase", "En Clase", "{F12390EF-999A-4549-AF45-CEB2A9F91852}"
EndProject
Project("{2150E333-8FDC-42A3-9474-1A3956D46DE8}") = "Funciones", "Funciones", "{E4FBBDF9-4F7B-45CB-A411-EE8B2A730D1D}"
EndProject
Project("{FAE04EC0-301F-11D3-BF4B-00C04F79EFBC}") = "Ejercicio En Clase Funciones", "En Clase\Funciones\Ejercicio En Clase Funciones\Ejercicio En Clase Funciones.csproj", "{F6361E63-AA21-4402-BEBA-A4651FF39D69}"
EndProject
Project("{2150E333-8FDC-42A3-9474-1A3956D46DE8}") = "Arreglos", "Arreglos", "{207AFCA5-0465-4D37-BEAC-2DC9E591C785}"
EndProject
Project("{FAE04EC0-301F-11D3-BF4B-00C04F79EFBC}") = "Arreglos En Clase", "En Clase\Arreglos\Arreglos En Clase\Arreglos En Clase.csproj", "{DC36EA17-C051-4E6B-BBA0-FB887A1D5C42}"
EndProject
Project("{FAE04EC0-301F-11D3-BF4B-00C04F79EFBC}") = "Classes", "En Clase\Classes\Classes.csproj", "{26CA61AA-41E3-48A0-BB60-C8D84C1EE721}"
EndProject
Project("{2150E333-8FDC-42A3-9474-1A3956D46DE8}") = "Tarea De Arreglos", "Tarea De Arreglos", "{7A51B15B-31BB-46DD-9F71-7F723303A6FF}"
EndProject
Project("{FAE04EC0-301F-11D3-BF4B-00C04F79EFBC}") = "Ejercicio 1", "Tarea De Arreglos\Ejercicio 1\Ejercicio 1.csproj", "{CD6FD8E7-EEA4-4BD6-B30A-2CA5EEC04280}"
EndProject
Project("{FAE04EC0-301F-11D3-BF4B-00C04F79EFBC}") = "Patrones De Diseno", "Patrones De Diseno\Patrones De Diseno.csproj", "{F1AE14F6-9B92-4134-ADBB-D5254BA76066}"
EndProject
Global
	GlobalSection(SolutionConfigurationPlatforms) = preSolution
		Debug|Any CPU = Debug|Any CPU
		Release|Any CPU = Release|Any CPU
	EndGlobalSection
	GlobalSection(SolutionProperties) = preSolution
		HideSolutionNode = FALSE
	EndGlobalSection
	GlobalSection(ProjectConfigurationPlatforms) = postSolution
		{092B2A0B-0053-470E-A19B-A117ED88C039}.Debug|Any CPU.ActiveCfg = Debug|Any CPU
		{092B2A0B-0053-470E-A19B-A117ED88C039}.Debug|Any CPU.Build.0 = Debug|Any CPU
		{092B2A0B-0053-470E-A19B-A117ED88C039}.Release|Any CPU.ActiveCfg = Release|Any CPU
		{092B2A0B-0053-470E-A19B-A117ED88C039}.Release|Any CPU.Build.0 = Release|Any CPU
		{BC65780C-E085-4358-B486-76AAD54DD6BE}.Debug|Any CPU.ActiveCfg = Debug|Any CPU
		{BC65780C-E085-4358-B486-76AAD54DD6BE}.Debug|Any CPU.Build.0 = Debug|Any CPU
		{BC65780C-E085-4358-B486-76AAD54DD6BE}.Release|Any CPU.ActiveCfg = Release|Any CPU
		{BC65780C-E085-4358-B486-76AAD54DD6BE}.Release|Any CPU.Build.0 = Release|Any CPU
		{65EF9EF7-D330-4734-BE94-45FED8941322}.Debug|Any CPU.ActiveCfg = Debug|Any CPU
		{65EF9EF7-D330-4734-BE94-45FED8941322}.Debug|Any CPU.Build.0 = Debug|Any CPU
		{65EF9EF7-D330-4734-BE94-45FED8941322}.Release|Any CPU.ActiveCfg = Release|Any CPU
		{65EF9EF7-D330-4734-BE94-45FED8941322}.Release|Any CPU.Build.0 = Release|Any CPU
		{A0190AC7-AC16-4D70-8163-6391C909541D}.Debug|Any CPU.ActiveCfg = Debug|Any CPU
		{A0190AC7-AC16-4D70-8163-6391C909541D}.Debug|Any CPU.Build.0 = Debug|Any CPU
		{A0190AC7-AC16-4D70-8163-6391C909541D}.Release|Any CPU.ActiveCfg = Release|Any CPU
		{A0190AC7-AC16-4D70-8163-6391C909541D}.Release|Any CPU.Build.0 = Release|Any CPU
		{AD3A0B9F-5AA5-48C4-A4D1-5FFCCA4B7E36}.Debug|Any CPU.ActiveCfg = Debug|Any CPU
		{AD3A0B9F-5AA5-48C4-A4D1-5FFCCA4B7E36}.Debug|Any CPU.Build.0 = Debug|Any CPU
		{AD3A0B9F-5AA5-48C4-A4D1-5FFCCA4B7E36}.Release|Any CPU.ActiveCfg = Release|Any CPU
		{AD3A0B9F-5AA5-48C4-A4D1-5FFCCA4B7E36}.Release|Any CPU.Build.0 = Release|Any CPU
		{348634AC-AFBD-475D-AB81-EEB23FD8DA21}.Debug|Any CPU.ActiveCfg = Debug|Any CPU
		{348634AC-AFBD-475D-AB81-EEB23FD8DA21}.Debug|Any CPU.Build.0 = Debug|Any CPU
		{348634AC-AFBD-475D-AB81-EEB23FD8DA21}.Release|Any CPU.ActiveCfg = Release|Any CPU
		{348634AC-AFBD-475D-AB81-EEB23FD8DA21}.Release|Any CPU.Build.0 = Release|Any CPU
		{F6E197DE-5132-473F-9292-D2043C79FCC0}.Debug|Any CPU.ActiveCfg = Debug|Any CPU
		{F6E197DE-5132-473F-9292-D2043C79FCC0}.Debug|Any CPU.Build.0 = Debug|Any CPU
		{F6E197DE-5132-473F-9292-D2043C79FCC0}.Release|Any CPU.ActiveCfg = Release|Any CPU
		{F6E197DE-5132-473F-9292-D2043C79FCC0}.Release|Any CPU.Build.0 = Release|Any CPU
		{49C1670C-E4D4-42C0-8A8C-F8933F650C03}.Debug|Any CPU.ActiveCfg = Debug|Any CPU
		{49C1670C-E4D4-42C0-8A8C-F8933F650C03}.Debug|Any CPU.Build.0 = Debug|Any CPU
		{49C1670C-E4D4-42C0-8A8C-F8933F650C03}.Release|Any CPU.ActiveCfg = Release|Any CPU
		{49C1670C-E4D4-42C0-8A8C-F8933F650C03}.Release|Any CPU.Build.0 = Release|Any CPU
		{98A9F85C-E6B8-4CFA-9EA0-C28D0F871E7E}.Debug|Any CPU.ActiveCfg = Debug|Any CPU
		{98A9F85C-E6B8-4CFA-9EA0-C28D0F871E7E}.Debug|Any CPU.Build.0 = Debug|Any CPU
		{98A9F85C-E6B8-4CFA-9EA0-C28D0F871E7E}.Release|Any CPU.ActiveCfg = Release|Any CPU
		{98A9F85C-E6B8-4CFA-9EA0-C28D0F871E7E}.Release|Any CPU.Build.0 = Release|Any CPU
		{20B41BD0-8122-463A-B087-CCF10463DB79}.Debug|Any CPU.ActiveCfg = Debug|Any CPU
		{20B41BD0-8122-463A-B087-CCF10463DB79}.Debug|Any CPU.Build.0 = Debug|Any CPU
		{20B41BD0-8122-463A-B087-CCF10463DB79}.Release|Any CPU.ActiveCfg = Release|Any CPU
		{20B41BD0-8122-463A-B087-CCF10463DB79}.Release|Any CPU.Build.0 = Release|Any CPU
		{2B33471F-0A13-42C6-B92C-2CA2B6B413D7}.Debug|Any CPU.ActiveCfg = Debug|Any CPU
		{2B33471F-0A13-42C6-B92C-2CA2B6B413D7}.Debug|Any CPU.Build.0 = Debug|Any CPU
		{2B33471F-0A13-42C6-B92C-2CA2B6B413D7}.Release|Any CPU.ActiveCfg = Release|Any CPU
		{2B33471F-0A13-42C6-B92C-2CA2B6B413D7}.Release|Any CPU.Build.0 = Release|Any CPU
		{F6361E63-AA21-4402-BEBA-A4651FF39D69}.Debug|Any CPU.ActiveCfg = Debug|Any CPU
		{F6361E63-AA21-4402-BEBA-A4651FF39D69}.Debug|Any CPU.Build.0 = Debug|Any CPU
		{F6361E63-AA21-4402-BEBA-A4651FF39D69}.Release|Any CPU.ActiveCfg = Release|Any CPU
		{F6361E63-AA21-4402-BEBA-A4651FF39D69}.Release|Any CPU.Build.0 = Release|Any CPU
		{DC36EA17-C051-4E6B-BBA0-FB887A1D5C42}.Debug|Any CPU.ActiveCfg = Debug|Any CPU
		{DC36EA17-C051-4E6B-BBA0-FB887A1D5C42}.Debug|Any CPU.Build.0 = Debug|Any CPU
		{DC36EA17-C051-4E6B-BBA0-FB887A1D5C42}.Release|Any CPU.ActiveCfg = Release|Any CPU
		{DC36EA17-C051-4E6B-BBA0-FB887A1D5C42}.Release|Any CPU.Build.0 = Release|Any CPU
		{9F6D8DC8-9756-461C-A56A-E4BBB8452077}.Debug|Any CPU.ActiveCfg = Debug|Any CPU
		{9F6D8DC8-9756-461C-A56A-E4BBB8452077}.Debug|Any CPU.Build.0 = Debug|Any CPU
		{9F6D8DC8-9756-461C-A56A-E4BBB8452077}.Release|Any CPU.ActiveCfg = Release|Any CPU
		{9F6D8DC8-9756-461C-A56A-E4BBB8452077}.Release|Any CPU.Build.0 = Release|Any CPU
		{26CA61AA-41E3-48A0-BB60-C8D84C1EE721}.Debug|Any CPU.ActiveCfg = Debug|Any CPU
		{26CA61AA-41E3-48A0-BB60-C8D84C1EE721}.Debug|Any CPU.Build.0 = Debug|Any CPU
		{26CA61AA-41E3-48A0-BB60-C8D84C1EE721}.Release|Any CPU.ActiveCfg = Release|Any CPU
		{26CA61AA-41E3-48A0-BB60-C8D84C1EE721}.Release|Any CPU.Build.0 = Release|Any CPU
		{CD6FD8E7-EEA4-4BD6-B30A-2CA5EEC04280}.Debug|Any CPU.ActiveCfg = Debug|Any CPU
		{CD6FD8E7-EEA4-4BD6-B30A-2CA5EEC04280}.Debug|Any CPU.Build.0 = Debug|Any CPU
		{CD6FD8E7-EEA4-4BD6-B30A-2CA5EEC04280}.Release|Any CPU.ActiveCfg = Release|Any CPU
		{CD6FD8E7-EEA4-4BD6-B30A-2CA5EEC04280}.Release|Any CPU.Build.0 = Release|Any CPU
		{F1AE14F6-9B92-4134-ADBB-D5254BA76066}.Debug|Any CPU.ActiveCfg = Debug|Any CPU
		{F1AE14F6-9B92-4134-ADBB-D5254BA76066}.Debug|Any CPU.Build.0 = Debug|Any CPU
		{F1AE14F6-9B92-4134-ADBB-D5254BA76066}.Release|Any CPU.ActiveCfg = Release|Any CPU
		{F1AE14F6-9B92-4134-ADBB-D5254BA76066}.Release|Any CPU.Build.0 = Release|Any CPU
	EndGlobalSection
	GlobalSection(NestedProjects) = preSolution
		{092B2A0B-0053-470E-A19B-A117ED88C039} = {4E70878A-6F1D-4118-9651-15CB65C72E23}
		{A9CDF580-64B4-4CDA-98F7-12ADF9C45B54} = {4E70878A-6F1D-4118-9651-15CB65C72E23}
		{BC65780C-E085-4358-B486-76AAD54DD6BE} = {A9CDF580-64B4-4CDA-98F7-12ADF9C45B54}
		{65EF9EF7-D330-4734-BE94-45FED8941322} = {4E70878A-6F1D-4118-9651-15CB65C72E23}
		{A0190AC7-AC16-4D70-8163-6391C909541D} = {4E70878A-6F1D-4118-9651-15CB65C72E23}
		{AD3A0B9F-5AA5-48C4-A4D1-5FFCCA4B7E36} = {4E70878A-6F1D-4118-9651-15CB65C72E23}
		{348634AC-AFBD-475D-AB81-EEB23FD8DA21} = {4E70878A-6F1D-4118-9651-15CB65C72E23}
		{F6E197DE-5132-473F-9292-D2043C79FCC0} = {4E70878A-6F1D-4118-9651-15CB65C72E23}
		{49C1670C-E4D4-42C0-8A8C-F8933F650C03} = {4E70878A-6F1D-4118-9651-15CB65C72E23}
		{98A9F85C-E6B8-4CFA-9EA0-C28D0F871E7E} = {4E70878A-6F1D-4118-9651-15CB65C72E23}
		{20B41BD0-8122-463A-B087-CCF10463DB79} = {4E70878A-6F1D-4118-9651-15CB65C72E23}
		{2B33471F-0A13-42C6-B92C-2CA2B6B413D7} = {4E70878A-6F1D-4118-9651-15CB65C72E23}
		{E4FBBDF9-4F7B-45CB-A411-EE8B2A730D1D} = {F12390EF-999A-4549-AF45-CEB2A9F91852}
		{F6361E63-AA21-4402-BEBA-A4651FF39D69} = {E4FBBDF9-4F7B-45CB-A411-EE8B2A730D1D}
		{207AFCA5-0465-4D37-BEAC-2DC9E591C785} = {F12390EF-999A-4549-AF45-CEB2A9F91852}
		{DC36EA17-C051-4E6B-BBA0-FB887A1D5C42} = {207AFCA5-0465-4D37-BEAC-2DC9E591C785}
		{26CA61AA-41E3-48A0-BB60-C8D84C1EE721} = {F12390EF-999A-4549-AF45-CEB2A9F91852}
		{CD6FD8E7-EEA4-4BD6-B30A-2CA5EEC04280} = {7A51B15B-31BB-46DD-9F71-7F723303A6FF}
	EndGlobalSection
EndGlobal
