
Microsoft Visual Studio Solution File, Format Version 12.00
# Visual Studio Version 17
VisualStudioVersion = 17.5.002.0
MinimumVisualStudioVersion = 10.0.40219.1
Project("{9A19103F-16F7-4668-BE54-9A1E7A4F7556}") = "Problema  2", "Problema  2\Problema  2.csproj", "{4E4E3654-3B19-4545-8900-64BE922548A8}"
EndProject
Project("{9A19103F-16F7-4668-BE54-9A1E7A4F7556}") = "Problema 1", "Problema 1\Problema 1.csproj", "{8C552906-1B2F-44AF-A34F-B1BF2BCC1390}"
EndProject
Project("{9A19103F-16F7-4668-BE54-9A1E7A4F7556}") = "Problema 10", "Problema 10\Problema 10.csproj", "{4C808F35-BE37-49DE-A7B9-2400C42E5CC8}"
EndProject
Project("{9A19103F-16F7-4668-BE54-9A1E7A4F7556}") = "Problema 3", "Problema 3\Problema 3.csproj", "{795C8EFD-9819-4E5D-959F-C0148FE6B3A6}"
EndProject
Project("{9A19103F-16F7-4668-BE54-9A1E7A4F7556}") = "Problema 4", "Problema 4\Problema 4.csproj", "{393732AE-88B6-453D-9C89-3BFD4A440C1C}"
EndProject
Project("{9A19103F-16F7-4668-BE54-9A1E7A4F7556}") = "Problema 5", "Problema 5\Problema 5.csproj", "{18072612-97B0-47D3-B3AD-DD8B4D114F9F}"
EndProject
Project("{9A19103F-16F7-4668-BE54-9A1E7A4F7556}") = "Problema 6", "Problema 6\Problema 6.csproj", "{C360FB0A-C710-4B52-A768-4A2353DA6D7D}"
EndProject
Project("{9A19103F-16F7-4668-BE54-9A1E7A4F7556}") = "Problema 7", "Problema 7\Problema 7.csproj", "{A24D05AD-606B-42A9-9BDB-E721B942597B}"
EndProject
Project("{9A19103F-16F7-4668-BE54-9A1E7A4F7556}") = "Problema 8", "Problema 8\Problema 8.csproj", "{3C0115FD-F1A3-4456-B7DB-6B5C241E8F3C}"
EndProject
Project("{9A19103F-16F7-4668-BE54-9A1E7A4F7556}") = "Problema 9", "Problema 9\Problema 9.csproj", "{0FFAF370-FE94-4C67-90B9-EF0A7364CBB3}"
EndProject
Global
	GlobalSection(SolutionConfigurationPlatforms) = preSolution
		Debug|Any CPU = Debug|Any CPU
		Release|Any CPU = Release|Any CPU
	EndGlobalSection
	GlobalSection(ProjectConfigurationPlatforms) = postSolution
		{4E4E3654-3B19-4545-8900-64BE922548A8}.Debug|Any CPU.ActiveCfg = Debug|Any CPU
		{4E4E3654-3B19-4545-8900-64BE922548A8}.Debug|Any CPU.Build.0 = Debug|Any CPU
		{4E4E3654-3B19-4545-8900-64BE922548A8}.Release|Any CPU.ActiveCfg = Release|Any CPU
		{4E4E3654-3B19-4545-8900-64BE922548A8}.Release|Any CPU.Build.0 = Release|Any CPU
		{8C552906-1B2F-44AF-A34F-B1BF2BCC1390}.Debug|Any CPU.ActiveCfg = Debug|Any CPU
		{8C552906-1B2F-44AF-A34F-B1BF2BCC1390}.Debug|Any CPU.Build.0 = Debug|Any CPU
		{8C552906-1B2F-44AF-A34F-B1BF2BCC1390}.Release|Any CPU.ActiveCfg = Release|Any CPU
		{8C552906-1B2F-44AF-A34F-B1BF2BCC1390}.Release|Any CPU.Build.0 = Release|Any CPU
		{4C808F35-BE37-49DE-A7B9-2400C42E5CC8}.Debug|Any CPU.ActiveCfg = Debug|Any CPU
		{4C808F35-BE37-49DE-A7B9-2400C42E5CC8}.Debug|Any CPU.Build.0 = Debug|Any CPU
		{4C808F35-BE37-49DE-A7B9-2400C42E5CC8}.Release|Any CPU.ActiveCfg = Release|Any CPU
		{4C808F35-BE37-49DE-A7B9-2400C42E5CC8}.Release|Any CPU.Build.0 = Release|Any CPU
		{795C8EFD-9819-4E5D-959F-C0148FE6B3A6}.Debug|Any CPU.ActiveCfg = Debug|Any CPU
		{795C8EFD-9819-4E5D-959F-C0148FE6B3A6}.Debug|Any CPU.Build.0 = Debug|Any CPU
		{795C8EFD-9819-4E5D-959F-C0148FE6B3A6}.Release|Any CPU.ActiveCfg = Release|Any CPU
		{795C8EFD-9819-4E5D-959F-C0148FE6B3A6}.Release|Any CPU.Build.0 = Release|Any CPU
		{393732AE-88B6-453D-9C89-3BFD4A440C1C}.Debug|Any CPU.ActiveCfg = Debug|Any CPU
		{393732AE-88B6-453D-9C89-3BFD4A440C1C}.Debug|Any CPU.Build.0 = Debug|Any CPU
		{393732AE-88B6-453D-9C89-3BFD4A440C1C}.Release|Any CPU.ActiveCfg = Release|Any CPU
		{393732AE-88B6-453D-9C89-3BFD4A440C1C}.Release|Any CPU.Build.0 = Release|Any CPU
		{18072612-97B0-47D3-B3AD-DD8B4D114F9F}.Debug|Any CPU.ActiveCfg = Debug|Any CPU
		{18072612-97B0-47D3-B3AD-DD8B4D114F9F}.Debug|Any CPU.Build.0 = Debug|Any CPU
		{18072612-97B0-47D3-B3AD-DD8B4D114F9F}.Release|Any CPU.ActiveCfg = Release|Any CPU
		{18072612-97B0-47D3-B3AD-DD8B4D114F9F}.Release|Any CPU.Build.0 = Release|Any CPU
		{C360FB0A-C710-4B52-A768-4A2353DA6D7D}.Debug|Any CPU.ActiveCfg = Debug|Any CPU
		{C360FB0A-C710-4B52-A768-4A2353DA6D7D}.Debug|Any CPU.Build.0 = Debug|Any CPU
		{C360FB0A-C710-4B52-A768-4A2353DA6D7D}.Release|Any CPU.ActiveCfg = Release|Any CPU
		{C360FB0A-C710-4B52-A768-4A2353DA6D7D}.Release|Any CPU.Build.0 = Release|Any CPU
		{A24D05AD-606B-42A9-9BDB-E721B942597B}.Debug|Any CPU.ActiveCfg = Debug|Any CPU
		{A24D05AD-606B-42A9-9BDB-E721B942597B}.Debug|Any CPU.Build.0 = Debug|Any CPU
		{A24D05AD-606B-42A9-9BDB-E721B942597B}.Release|Any CPU.ActiveCfg = Release|Any CPU
		{A24D05AD-606B-42A9-9BDB-E721B942597B}.Release|Any CPU.Build.0 = Release|Any CPU
		{3C0115FD-F1A3-4456-B7DB-6B5C241E8F3C}.Debug|Any CPU.ActiveCfg = Debug|Any CPU
		{3C0115FD-F1A3-4456-B7DB-6B5C241E8F3C}.Debug|Any CPU.Build.0 = Debug|Any CPU
		{3C0115FD-F1A3-4456-B7DB-6B5C241E8F3C}.Release|Any CPU.ActiveCfg = Release|Any CPU
		{3C0115FD-F1A3-4456-B7DB-6B5C241E8F3C}.Release|Any CPU.Build.0 = Release|Any CPU
		{0FFAF370-FE94-4C67-90B9-EF0A7364CBB3}.Debug|Any CPU.ActiveCfg = Debug|Any CPU
		{0FFAF370-FE94-4C67-90B9-EF0A7364CBB3}.Debug|Any CPU.Build.0 = Debug|Any CPU
		{0FFAF370-FE94-4C67-90B9-EF0A7364CBB3}.Release|Any CPU.ActiveCfg = Release|Any CPU
		{0FFAF370-FE94-4C67-90B9-EF0A7364CBB3}.Release|Any CPU.Build.0 = Release|Any CPU
	EndGlobalSection
	GlobalSection(SolutionProperties) = preSolution
		HideSolutionNode = FALSE
	EndGlobalSection
	GlobalSection(ExtensibilityGlobals) = postSolution
		SolutionGuid = {C979CA2C-7D07-4E88-96D6-A2A5FB97590B}
	EndGlobalSection
EndGlobal
